
Microsoft Visual Studio Solution File, Format Version 12.00
# Visual Studio 14
VisualStudioVersion = 14.0.25420.1
MinimumVisualStudioVersion = 10.0.40219.1
Project("{FAE04EC0-301F-11D3-BF4B-00C04F79EFBC}") = "rtmp-sharp", "rtmp-sharp\rtmp-sharp.csproj", "{AA1A4F5D-3BD4-4832-9F5D-90727007727E}"
EndProject
Project("{FAE04EC0-301F-11D3-BF4B-00C04F79EFBC}") = "rtmpService", "..\rtmpService\rtmpService.csproj", "{33AE0D78-5892-4001-A7F6-084CF6E73F9E}"
EndProject
Project("{FAE04EC0-301F-11D3-BF4B-00C04F79EFBC}") = "rtmputil", "rtmputil\rtmputil.csproj", "{B54AF5BB-1C61-4E48-A930-D8ED6C86112A}"
EndProject
Project("{FAE04EC0-301F-11D3-BF4B-00C04F79EFBC}") = "test", "test\test.csproj", "{11950490-A426-4B5E-B91D-7D7BDEFD88B6}"
EndProject
Global
	GlobalSection(SolutionConfigurationPlatforms) = preSolution
		Debug|Any CPU = Debug|Any CPU
		Release|Any CPU = Release|Any CPU
	EndGlobalSection
	GlobalSection(ProjectConfigurationPlatforms) = postSolution
		{AA1A4F5D-3BD4-4832-9F5D-90727007727E}.Debug|Any CPU.ActiveCfg = Debug|Any CPU
		{AA1A4F5D-3BD4-4832-9F5D-90727007727E}.Debug|Any CPU.Build.0 = Debug|Any CPU
		{AA1A4F5D-3BD4-4832-9F5D-90727007727E}.Release|Any CPU.ActiveCfg = Release|Any CPU
		{AA1A4F5D-3BD4-4832-9F5D-90727007727E}.Release|Any CPU.Build.0 = Release|Any CPU
		{33AE0D78-5892-4001-A7F6-084CF6E73F9E}.Debug|Any CPU.ActiveCfg = Debug|Any CPU
		{33AE0D78-5892-4001-A7F6-084CF6E73F9E}.Debug|Any CPU.Build.0 = Debug|Any CPU
		{33AE0D78-5892-4001-A7F6-084CF6E73F9E}.Release|Any CPU.ActiveCfg = Release|Any CPU
		{33AE0D78-5892-4001-A7F6-084CF6E73F9E}.Release|Any CPU.Build.0 = Release|Any CPU
		{B54AF5BB-1C61-4E48-A930-D8ED6C86112A}.Debug|Any CPU.ActiveCfg = Debug|Any CPU
		{B54AF5BB-1C61-4E48-A930-D8ED6C86112A}.Debug|Any CPU.Build.0 = Debug|Any CPU
		{B54AF5BB-1C61-4E48-A930-D8ED6C86112A}.Release|Any CPU.ActiveCfg = Release|Any CPU
		{B54AF5BB-1C61-4E48-A930-D8ED6C86112A}.Release|Any CPU.Build.0 = Release|Any CPU
		{11950490-A426-4B5E-B91D-7D7BDEFD88B6}.Debug|Any CPU.ActiveCfg = Debug|Any CPU
		{11950490-A426-4B5E-B91D-7D7BDEFD88B6}.Debug|Any CPU.Build.0 = Debug|Any CPU
		{11950490-A426-4B5E-B91D-7D7BDEFD88B6}.Release|Any CPU.ActiveCfg = Release|Any CPU
		{11950490-A426-4B5E-B91D-7D7BDEFD88B6}.Release|Any CPU.Build.0 = Release|Any CPU
	EndGlobalSection
	GlobalSection(SolutionProperties) = preSolution
		HideSolutionNode = FALSE
	EndGlobalSection
EndGlobal
